
Microsoft Visual Studio Solution File, Format Version 12.00
# Visual Studio 14
VisualStudioVersion = 14.0.25123.0
MinimumVisualStudioVersion = 10.0.40219.1
Project("{FAE04EC0-301F-11D3-BF4B-00C04F79EFBC}") = "NameWorkshop", "NameWorkshop\NameWorkshop.csproj", "{45E9C6A6-132B-4177-93E2-B681096263C3}"
EndProject
Project("{FAE04EC0-301F-11D3-BF4B-00C04F79EFBC}") = "NameWorkshop.Data", "NameWorkshop.Data\NameWorkshop.Data.csproj", "{A8DAEED1-48A5-4E65-A6F1-AECBFF32212B}"
EndProject
Global
	GlobalSection(SolutionConfigurationPlatforms) = preSolution
		Debug|Any CPU = Debug|Any CPU
		Release|Any CPU = Release|Any CPU
	EndGlobalSection
	GlobalSection(ProjectConfigurationPlatforms) = postSolution
		{45E9C6A6-132B-4177-93E2-B681096263C3}.Debug|Any CPU.ActiveCfg = Debug|Any CPU
		{45E9C6A6-132B-4177-93E2-B681096263C3}.Debug|Any CPU.Build.0 = Debug|Any CPU
		{45E9C6A6-132B-4177-93E2-B681096263C3}.Release|Any CPU.ActiveCfg = Release|Any CPU
		{45E9C6A6-132B-4177-93E2-B681096263C3}.Release|Any CPU.Build.0 = Release|Any CPU
		{A8DAEED1-48A5-4E65-A6F1-AECBFF32212B}.Debug|Any CPU.ActiveCfg = Debug|Any CPU
		{A8DAEED1-48A5-4E65-A6F1-AECBFF32212B}.Debug|Any CPU.Build.0 = Debug|Any CPU
		{A8DAEED1-48A5-4E65-A6F1-AECBFF32212B}.Release|Any CPU.ActiveCfg = Release|Any CPU
		{A8DAEED1-48A5-4E65-A6F1-AECBFF32212B}.Release|Any CPU.Build.0 = Release|Any CPU
	EndGlobalSection
	GlobalSection(SolutionProperties) = preSolution
		HideSolutionNode = FALSE
	EndGlobalSection
EndGlobal
